
Microsoft Visual Studio Solution File, Format Version 12.00
# Visual Studio 2013
VisualStudioVersion = 12.0.21005.1
MinimumVisualStudioVersion = 10.0.40219.1
Project("{FAE04EC0-301F-11D3-BF4B-00C04F79EFBC}") = "Nivot.SignalR.Client.Net35", "v1.x\Nivot.SignalR.Client.Net35.csproj", "{C52C9116-C374-45D6-AD4C-048D5F35825D}"
EndProject
Project("{2150E333-8FDC-42A3-9474-1A3956D46DE8}") = ".nuget", ".nuget", "{33F27F41-AE48-457E-A966-60AF9B6A07B2}"
	ProjectSection(SolutionItems) = preProject
		.nuget\NuGet.Config = .nuget\NuGet.Config
		.nuget\NuGet.Core.dll = .nuget\NuGet.Core.dll
		.nuget\NuGet.exe = .nuget\NuGet.exe
		.nuget\NuGet.targets = .nuget\NuGet.targets
		.nuget\packages.config = .nuget\packages.config
	EndProjectSection
EndProject
Project("{2150E333-8FDC-42A3-9474-1A3956D46DE8}") = "docs", "docs", "{AA019DAC-903B-4B1B-93AF-4471F8EA1204}"
	ProjectSection(SolutionItems) = preProject
		..\LICENSE = ..\LICENSE
		..\README.md = ..\README.md
	EndProjectSection
EndProject
Project("{2150E333-8FDC-42A3-9474-1A3956D46DE8}") = "v1.x", "v1.x", "{2F5BF692-78C1-4961-9E42-3724C6F9CD3B}"
EndProject
Project("{2150E333-8FDC-42A3-9474-1A3956D46DE8}") = "v2.x", "v2.x", "{43B34E9D-6244-4F49-815D-9CF7719C2C40}"
EndProject
Project("{FAE04EC0-301F-11D3-BF4B-00C04F79EFBC}") = "Nivot.SignalR.Client.Net35", "v2.x\Nivot.SignalR.Client.Net35.csproj", "{EB46B9C6-EE37-48F9-835E-E49580E40E0A}"
EndProject
Global
	GlobalSection(SolutionConfigurationPlatforms) = preSolution
		Debug|Any CPU = Debug|Any CPU
		Release|Any CPU = Release|Any CPU
	EndGlobalSection
	GlobalSection(ProjectConfigurationPlatforms) = postSolution
		{C52C9116-C374-45D6-AD4C-048D5F35825D}.Debug|Any CPU.ActiveCfg = Debug|Any CPU
		{C52C9116-C374-45D6-AD4C-048D5F35825D}.Debug|Any CPU.Build.0 = Debug|Any CPU
		{C52C9116-C374-45D6-AD4C-048D5F35825D}.Release|Any CPU.ActiveCfg = Release|Any CPU
		{C52C9116-C374-45D6-AD4C-048D5F35825D}.Release|Any CPU.Build.0 = Release|Any CPU
		{EB46B9C6-EE37-48F9-835E-E49580E40E0A}.Debug|Any CPU.ActiveCfg = Debug|Any CPU
		{EB46B9C6-EE37-48F9-835E-E49580E40E0A}.Debug|Any CPU.Build.0 = Debug|Any CPU
		{EB46B9C6-EE37-48F9-835E-E49580E40E0A}.Release|Any CPU.ActiveCfg = Release|Any CPU
		{EB46B9C6-EE37-48F9-835E-E49580E40E0A}.Release|Any CPU.Build.0 = Release|Any CPU
	EndGlobalSection
	GlobalSection(SolutionProperties) = preSolution
		HideSolutionNode = FALSE
	EndGlobalSection
	GlobalSection(NestedProjects) = preSolution
		{C52C9116-C374-45D6-AD4C-048D5F35825D} = {2F5BF692-78C1-4961-9E42-3724C6F9CD3B}
		{EB46B9C6-EE37-48F9-835E-E49580E40E0A} = {43B34E9D-6244-4F49-815D-9CF7719C2C40}
	EndGlobalSection
EndGlobal
